
Microsoft Visual Studio Solution File, Format Version 12.00
# Visual Studio Version 16
VisualStudioVersion = 16.0.28803.202
MinimumVisualStudioVersion = 10.0.40219.1
Project("{FAE04EC0-301F-11D3-BF4B-00C04F79EFBC}") = "OdyHostNginx", "OdyHostNginx.csproj", "{B9CC4945-C71F-4AD6-9F21-BE7692C96A8E}"
EndProject
Global
	GlobalSection(SolutionConfigurationPlatforms) = preSolution
		Debug|Any CPU = Debug|Any CPU
		Release|Any CPU = Release|Any CPU
	EndGlobalSection
	GlobalSection(ProjectConfigurationPlatforms) = postSolution
		{B9CC4945-C71F-4AD6-9F21-BE7692C96A8E}.Debug|Any CPU.ActiveCfg = Debug|Any CPU
		{B9CC4945-C71F-4AD6-9F21-BE7692C96A8E}.Debug|Any CPU.Build.0 = Debug|Any CPU
		{B9CC4945-C71F-4AD6-9F21-BE7692C96A8E}.Release|Any CPU.ActiveCfg = Release|Any CPU
		{B9CC4945-C71F-4AD6-9F21-BE7692C96A8E}.Release|Any CPU.Build.0 = Release|Any CPU
	EndGlobalSection
	GlobalSection(SolutionProperties) = preSolution
		HideSolutionNode = FALSE
	EndGlobalSection
	GlobalSection(ExtensibilityGlobals) = postSolution
		SolutionGuid = {DA48F4CB-371A-470E-A9E3-6C79907DC676}
	EndGlobalSection
EndGlobal
